{
  "name": "brain-agriculture",
  "lockfileVersion": 3,
  "requires": true,
  "packages": {
    "": {
      "dependencies": {
        "sweetalert2": "^11.13.3"
      }
    },
    "node_modules/sweetalert2": {
      "version": "11.13.3",
      "resolved": "https://registry.npmjs.org/sweetalert2/-/sweetalert2-11.13.3.tgz",
      "integrity": "sha512-hFDPMzsa+PB+u8dJIiah7Wl4OnFk6YAMCX3/ATeqazl3ZG7x1AGlwmrRV8LHVrggcsgEQSnU2eBbOs2O7St6Lw==",
      "license": "MIT",
      "funding": {
        "type": "individual",
        "url": "https://github.com/sponsors/limonte"
      }
    }
  }
}
